
Microsoft Visual Studio Solution File, Format Version 12.00
# Visual Studio Version 16
VisualStudioVersion = 16.0.29509.3
MinimumVisualStudioVersion = 10.0.40219.1
Project("{FAE04EC0-301F-11D3-BF4B-00C04F79EFBC}") = "Andatos", "Andatos\Andatos.csproj", "{90E90900-A41D-4486-A708-6D0BBA1A961D}"
EndProject
Project("{54435603-DBB4-11D2-8724-00A0C9A8B90C}") = "AndatosInstaller", "AndatosInstaller\AndatosInstaller.vdproj", "{D2F316A2-D25B-4B2C-9203-87D1385D9995}"
EndProject
Global
	GlobalSection(SolutionConfigurationPlatforms) = preSolution
		Debug|Any CPU = Debug|Any CPU
		Release|Any CPU = Release|Any CPU
	EndGlobalSection
	GlobalSection(ProjectConfigurationPlatforms) = postSolution
		{90E90900-A41D-4486-A708-6D0BBA1A961D}.Debug|Any CPU.ActiveCfg = Debug|Any CPU
		{90E90900-A41D-4486-A708-6D0BBA1A961D}.Debug|Any CPU.Build.0 = Debug|Any CPU
		{90E90900-A41D-4486-A708-6D0BBA1A961D}.Release|Any CPU.ActiveCfg = Release|Any CPU
		{90E90900-A41D-4486-A708-6D0BBA1A961D}.Release|Any CPU.Build.0 = Release|Any CPU
		{D2F316A2-D25B-4B2C-9203-87D1385D9995}.Debug|Any CPU.ActiveCfg = Debug
		{D2F316A2-D25B-4B2C-9203-87D1385D9995}.Release|Any CPU.ActiveCfg = Release
	EndGlobalSection
	GlobalSection(SolutionProperties) = preSolution
		HideSolutionNode = FALSE
	EndGlobalSection
	GlobalSection(ExtensibilityGlobals) = postSolution
		SolutionGuid = {85B6BAB7-3D84-4A12-99FF-E2A279CEDB0D}
	EndGlobalSection
EndGlobal
